
Microsoft Visual Studio Solution File, Format Version 12.00
# Visual Studio 15
VisualStudioVersion = 15.0.27428.1
MinimumVisualStudioVersion = 10.0.40219.1
Project("{FAE04EC0-301F-11D3-BF4B-00C04F79EFBC}") = "gestiuneFilmBilete1", "gestiuneFilmBilete1\gestiuneFilmBilete1.csproj", "{91C1DE54-7E54-4C16-99E0-37AE5D17ABC3}"
EndProject
Global
	GlobalSection(SolutionConfigurationPlatforms) = preSolution
		Debug|Any CPU = Debug|Any CPU
		Release|Any CPU = Release|Any CPU
	EndGlobalSection
	GlobalSection(ProjectConfigurationPlatforms) = postSolution
		{91C1DE54-7E54-4C16-99E0-37AE5D17ABC3}.Debug|Any CPU.ActiveCfg = Debug|Any CPU
		{91C1DE54-7E54-4C16-99E0-37AE5D17ABC3}.Debug|Any CPU.Build.0 = Debug|Any CPU
		{91C1DE54-7E54-4C16-99E0-37AE5D17ABC3}.Release|Any CPU.ActiveCfg = Release|Any CPU
		{91C1DE54-7E54-4C16-99E0-37AE5D17ABC3}.Release|Any CPU.Build.0 = Release|Any CPU
	EndGlobalSection
	GlobalSection(SolutionProperties) = preSolution
		HideSolutionNode = FALSE
	EndGlobalSection
	GlobalSection(ExtensibilityGlobals) = postSolution
		SolutionGuid = {34808383-CEFD-4A35-B323-F4F945F79046}
	EndGlobalSection
EndGlobal
